
Microsoft Visual Studio Solution File, Format Version 12.00
# Visual Studio Version 17
VisualStudioVersion = 17.5.33516.290
MinimumVisualStudioVersion = 10.0.40219.1
Project("{FAE04EC0-301F-11D3-BF4B-00C04F79EFBC}") = "Inheritance in Interface", "Inheritance in Interface.csproj", "{05F198DB-29C8-4B76-BD04-250EBAD7CACC}"
EndProject
Global
	GlobalSection(SolutionConfigurationPlatforms) = preSolution
		Debug|Any CPU = Debug|Any CPU
		Release|Any CPU = Release|Any CPU
	EndGlobalSection
	GlobalSection(ProjectConfigurationPlatforms) = postSolution
		{05F198DB-29C8-4B76-BD04-250EBAD7CACC}.Debug|Any CPU.ActiveCfg = Debug|Any CPU
		{05F198DB-29C8-4B76-BD04-250EBAD7CACC}.Debug|Any CPU.Build.0 = Debug|Any CPU
		{05F198DB-29C8-4B76-BD04-250EBAD7CACC}.Release|Any CPU.ActiveCfg = Release|Any CPU
		{05F198DB-29C8-4B76-BD04-250EBAD7CACC}.Release|Any CPU.Build.0 = Release|Any CPU
	EndGlobalSection
	GlobalSection(SolutionProperties) = preSolution
		HideSolutionNode = FALSE
	EndGlobalSection
	GlobalSection(ExtensibilityGlobals) = postSolution
		SolutionGuid = {A13C7149-56C5-47C1-A301-9890C1543123}
	EndGlobalSection
EndGlobal
