
Microsoft Visual Studio Solution File, Format Version 12.00
# Visual Studio Version 17
VisualStudioVersion = 17.5.33516.290
MinimumVisualStudioVersion = 10.0.40219.1
Project("{FAE04EC0-301F-11D3-BF4B-00C04F79EFBC}") = "Enum_keyword", "Enum_keyword.csproj", "{9F966CDC-07DF-41AF-B32B-53C09016DD15}"
EndProject
Global
	GlobalSection(SolutionConfigurationPlatforms) = preSolution
		Debug|Any CPU = Debug|Any CPU
		Release|Any CPU = Release|Any CPU
	EndGlobalSection
	GlobalSection(ProjectConfigurationPlatforms) = postSolution
		{9F966CDC-07DF-41AF-B32B-53C09016DD15}.Debug|Any CPU.ActiveCfg = Debug|Any CPU
		{9F966CDC-07DF-41AF-B32B-53C09016DD15}.Debug|Any CPU.Build.0 = Debug|Any CPU
		{9F966CDC-07DF-41AF-B32B-53C09016DD15}.Release|Any CPU.ActiveCfg = Release|Any CPU
		{9F966CDC-07DF-41AF-B32B-53C09016DD15}.Release|Any CPU.Build.0 = Release|Any CPU
	EndGlobalSection
	GlobalSection(SolutionProperties) = preSolution
		HideSolutionNode = FALSE
	EndGlobalSection
	GlobalSection(ExtensibilityGlobals) = postSolution
		SolutionGuid = {06C824A3-B768-4D35-8840-E06D19318870}
	EndGlobalSection
EndGlobal
