
Microsoft Visual Studio Solution File, Format Version 12.00
# Visual Studio Version 17
VisualStudioVersion = 17.5.33516.290
MinimumVisualStudioVersion = 10.0.40219.1
Project("{FAE04EC0-301F-11D3-BF4B-00C04F79EFBC}") = "Multi_Cast_Delegates", "Multi_Cast_Delegates.csproj", "{250C9F9E-7342-4C24-99D9-AB2E33D41794}"
EndProject
Global
	GlobalSection(SolutionConfigurationPlatforms) = preSolution
		Debug|Any CPU = Debug|Any CPU
		Release|Any CPU = Release|Any CPU
	EndGlobalSection
	GlobalSection(ProjectConfigurationPlatforms) = postSolution
		{250C9F9E-7342-4C24-99D9-AB2E33D41794}.Debug|Any CPU.ActiveCfg = Debug|Any CPU
		{250C9F9E-7342-4C24-99D9-AB2E33D41794}.Debug|Any CPU.Build.0 = Debug|Any CPU
		{250C9F9E-7342-4C24-99D9-AB2E33D41794}.Release|Any CPU.ActiveCfg = Release|Any CPU
		{250C9F9E-7342-4C24-99D9-AB2E33D41794}.Release|Any CPU.Build.0 = Release|Any CPU
	EndGlobalSection
	GlobalSection(SolutionProperties) = preSolution
		HideSolutionNode = FALSE
	EndGlobalSection
	GlobalSection(ExtensibilityGlobals) = postSolution
		SolutionGuid = {4481D364-FA07-4894-8BDC-E02C30878AC1}
	EndGlobalSection
EndGlobal
